{
  "version": 4,
  "terraform_version": "1.6.6",
  "serial": 8,
  "lineage": "9b961c14-4bc7-040a-4830-81f305c0556b",
  "outputs": {},
  "resources": [
    {
      "mode": "managed",
      "type": "aws_acm_certificate",
      "name": "cert",
      "provider": "provider[\"registry.terraform.io/hashicorp/aws\"]",
      "instances": [
        {
          "schema_version": 0,
          "attributes": {
            "arn": "arn:aws:acm:us-east-1:772529297851:certificate/8d4874d8-75e5-4b85-a39b-e6f4c4f6eb2e",
            "certificate_authority_arn": "",
            "certificate_body": null,
            "certificate_chain": null,
            "domain_name": "josephaleto.io",
            "domain_validation_options": [
              {
                "domain_name": "josephaleto.io",
                "resource_record_name": "_5edb4375be4391d7bac1fe32a7644aa1.josephaleto.io.",
                "resource_record_type": "CNAME",
                "resource_record_value": "_0e037d0ec6e7e04667b0976e717ea00f.myvvytqgqf.acm-validations.aws."
              }
            ],
            "early_renewal_duration": "",
            "id": "arn:aws:acm:us-east-1:772529297851:certificate/8d4874d8-75e5-4b85-a39b-e6f4c4f6eb2e",
            "key_algorithm": "RSA_2048",
            "not_after": "2026-06-26T23:59:59Z",
            "not_before": "2025-05-28T00:00:00Z",
            "options": [
              {
                "certificate_transparency_logging_preference": "ENABLED"
              }
            ],
            "pending_renewal": false,
            "private_key": null,
            "renewal_eligibility": "INELIGIBLE",
            "renewal_summary": [],
            "status": "ISSUED",
            "subject_alternative_names": [
              "josephaleto.io"
            ],
            "tags": {},
            "tags_all": {},
            "type": "AMAZON_ISSUED",
            "validation_emails": [],
            "validation_method": "DNS",
            "validation_option": []
          },
          "sensitive_attributes": [],
          "private": "bnVsbA=="
        }
      ]
    },
    {
      "mode": "managed",
      "type": "aws_route53_record",
      "name": "cert_validation",
      "provider": "provider[\"registry.terraform.io/hashicorp/aws\"]",
      "instances": [
        {
          "index_key": "josephaleto.io",
          "schema_version": 2,
          "attributes": {
            "alias": [],
            "allow_overwrite": null,
            "cidr_routing_policy": [],
            "failover_routing_policy": [],
            "fqdn": "_5edb4375be4391d7bac1fe32a7644aa1.josephaleto.io",
            "geolocation_routing_policy": [],
            "geoproximity_routing_policy": [],
            "health_check_id": "",
            "id": "Z04832552KPXWKAMHA0H2__5edb4375be4391d7bac1fe32a7644aa1.josephaleto.io._CNAME",
            "latency_routing_policy": [],
            "multivalue_answer_routing_policy": false,
            "name": "_5edb4375be4391d7bac1fe32a7644aa1.josephaleto.io",
            "records": [
              "_0e037d0ec6e7e04667b0976e717ea00f.myvvytqgqf.acm-validations.aws."
            ],
            "set_identifier": "",
            "timeouts": null,
            "ttl": 300,
            "type": "CNAME",
            "weighted_routing_policy": [],
            "zone_id": "Z04832552KPXWKAMHA0H2"
          },
          "sensitive_attributes": [],
          "private": "eyJlMmJmYjczMC1lY2FhLTExZTYtOGY4OC0zNDM2M2JjN2M0YzAiOnsiY3JlYXRlIjoxODAwMDAwMDAwMDAwLCJkZWxldGUiOjE4MDAwMDAwMDAwMDAsInVwZGF0ZSI6MTgwMDAwMDAwMDAwMH0sInNjaGVtYV92ZXJzaW9uIjoiMiJ9"
        }
      ]
    }
  ],
  "check_results": null
}
